{
  "name": "introgenerator",
  "version": "0.1.0",
  "lockfileVersion": 3,
  "requires": true,
  "packages": {
    "": {
      "name": "introgenerator",
      "version": "0.1.0",
      "workspaces": [
        "packages/*"
      ]
    },
    "node_modules/@introgenerator/evaluator": {
      "resolved": "packages/evaluator",
      "link": true
    },
    "node_modules/@introgenerator/fixtures": {
      "resolved": "packages/fixtures",
      "link": true
    },
    "node_modules/@introgenerator/model": {
      "resolved": "packages/model",
      "link": true
    },
    "node_modules/@introgenerator/render-plan": {
      "resolved": "packages/render-plan",
      "link": true
    },
    "node_modules/@introgenerator/semantics": {
      "resolved": "packages/semantics",
      "link": true
    },
    "node_modules/@introgenerator/validation": {
      "resolved": "packages/validation",
      "link": true
    },
    "packages/evaluator": {
      "name": "@introgenerator/evaluator",
      "version": "0.1.0",
      "dependencies": {
        "@introgenerator/model": "0.1.0",
        "@introgenerator/semantics": "0.1.0"
      }
    },
    "packages/fixtures": {
      "name": "@introgenerator/fixtures",
      "version": "0.1.0",
      "dependencies": {
        "@introgenerator/model": "0.1.0"
      }
    },
    "packages/model": {
      "name": "@introgenerator/model",
      "version": "0.1.0"
    },
    "packages/render-plan": {
      "name": "@introgenerator/render-plan",
      "version": "0.1.0",
      "dependencies": {
        "@introgenerator/evaluator": "0.1.0",
        "@introgenerator/model": "0.1.0",
        "@introgenerator/semantics": "0.1.0"
      }
    },
    "packages/semantics": {
      "name": "@introgenerator/semantics",
      "version": "0.1.0",
      "dependencies": {
        "@introgenerator/model": "0.1.0"
      }
    },
    "packages/validation": {
      "name": "@introgenerator/validation",
      "version": "0.1.0",
      "dependencies": {
        "@introgenerator/model": "0.1.0",
        "@introgenerator/semantics": "0.1.0"
      }
    }
  }
}
